{
  "object": {
    "pins": [
      {
        "package": "URLAuthentication",
        "repositoryURL": "https://github.com/zachbazov/URLAuthentication.git",
        "state": {
          "branch": null,
          "revision": "f23d7a9fe0d74319af833e1725fe593f6a971aa8",
          "version": "1.0.0"
        }
      }
    ]
  },
  "version": 1
}
